
Microsoft Visual Studio Solution File, Format Version 9.00
# Visual Studio 2005
Project("{8BC9CEB8-8B4A-11D0-8D11-00A0C91BC942}") = "VTOSG.2005", "VTOSG.2005.vcproj", "{C1D3F999-55E2-469D-8002-18EC755D7C36}"
EndProject
Global
	GlobalSection(SolutionConfigurationPlatforms) = preSolution
		Debug|Win32 = Debug|Win32
		Release|Win32 = Release|Win32
	EndGlobalSection
	GlobalSection(ProjectConfigurationPlatforms) = postSolution
		{C1D3F999-55E2-469D-8002-18EC755D7C36}.Debug|Win32.ActiveCfg = Debug|Win32
		{C1D3F999-55E2-469D-8002-18EC755D7C36}.Debug|Win32.Build.0 = Debug|Win32
		{C1D3F999-55E2-469D-8002-18EC755D7C36}.Release|Win32.ActiveCfg = Release|Win32
		{C1D3F999-55E2-469D-8002-18EC755D7C36}.Release|Win32.Build.0 = Release|Win32
	EndGlobalSection
	GlobalSection(SolutionProperties) = preSolution
		HideSolutionNode = FALSE
	EndGlobalSection
EndGlobal
